
Microsoft Visual Studio Solution File, Format Version 12.00
# Visual Studio Version 17
VisualStudioVersion = 17.13.35825.156 d17.13
MinimumVisualStudioVersion = 10.0.40219.1
Project("{2150E333-8FDC-42A3-9474-1A3956D46DE8}") = "src", "src", "{02EA681E-C7D8-13C7-8484-4AC65E1B71E8}"
EndProject
Project("{2150E333-8FDC-42A3-9474-1A3956D46DE8}") = "Core", "Core", "{3A65831E-3BF2-4A37-BFD9-19843C0FDE40}"
EndProject
Project("{2150E333-8FDC-42A3-9474-1A3956D46DE8}") = "Application", "Application", "{31E31483-F0E4-4009-9A88-EA039CC31BA3}"
EndProject
Project("{FAE04EC0-301F-11D3-BF4B-00C04F79EFBC}") = "ApplicationLayer", "ApplicationLayer\ApplicationLayer.csproj", "{C87809A1-AF0C-45ED-95C7-9E156B604E0B}"
EndProject
Project("{2150E333-8FDC-42A3-9474-1A3956D46DE8}") = "Domain", "Domain", "{FC930A91-F6C2-4316-839E-87FDA5B9A5F6}"
EndProject
Project("{FAE04EC0-301F-11D3-BF4B-00C04F79EFBC}") = "DomainLayer", "DomainLayer\DomainLayer.csproj", "{A7913734-7409-4BC0-9C70-27BCB896D1AB}"
EndProject
Project("{2150E333-8FDC-42A3-9474-1A3956D46DE8}") = "Infrastructure", "Infrastructure", "{4BC6A174-EE8D-4FFA-B715-7FB13D3A8070}"
EndProject
Project("{FAE04EC0-301F-11D3-BF4B-00C04F79EFBC}") = "InfrastructureLayer", "InfrastructureLayer\InfrastructureLayer.csproj", "{2B4A8CFE-7DF5-485B-B551-36268EFBDEA3}"
EndProject
Project("{2150E333-8FDC-42A3-9474-1A3956D46DE8}") = "Presentation", "Presentation", "{40A5B544-B13B-4328-BF04-E0AE79036711}"
EndProject
Project("{FAE04EC0-301F-11D3-BF4B-00C04F79EFBC}") = "PresentationApi", "PresentationApi\PresentationApi.csproj", "{66D2C65F-4C79-49BA-B348-FAFF86C9DC8B}"
EndProject
Global
	GlobalSection(SolutionConfigurationPlatforms) = preSolution
		Debug|Any CPU = Debug|Any CPU
		Release|Any CPU = Release|Any CPU
	EndGlobalSection
	GlobalSection(ProjectConfigurationPlatforms) = postSolution
		{C87809A1-AF0C-45ED-95C7-9E156B604E0B}.Debug|Any CPU.ActiveCfg = Debug|Any CPU
		{C87809A1-AF0C-45ED-95C7-9E156B604E0B}.Debug|Any CPU.Build.0 = Debug|Any CPU
		{C87809A1-AF0C-45ED-95C7-9E156B604E0B}.Release|Any CPU.ActiveCfg = Release|Any CPU
		{C87809A1-AF0C-45ED-95C7-9E156B604E0B}.Release|Any CPU.Build.0 = Release|Any CPU
		{A7913734-7409-4BC0-9C70-27BCB896D1AB}.Debug|Any CPU.ActiveCfg = Debug|Any CPU
		{A7913734-7409-4BC0-9C70-27BCB896D1AB}.Debug|Any CPU.Build.0 = Debug|Any CPU
		{A7913734-7409-4BC0-9C70-27BCB896D1AB}.Release|Any CPU.ActiveCfg = Release|Any CPU
		{A7913734-7409-4BC0-9C70-27BCB896D1AB}.Release|Any CPU.Build.0 = Release|Any CPU
		{2B4A8CFE-7DF5-485B-B551-36268EFBDEA3}.Debug|Any CPU.ActiveCfg = Debug|Any CPU
		{2B4A8CFE-7DF5-485B-B551-36268EFBDEA3}.Debug|Any CPU.Build.0 = Debug|Any CPU
		{2B4A8CFE-7DF5-485B-B551-36268EFBDEA3}.Release|Any CPU.ActiveCfg = Release|Any CPU
		{2B4A8CFE-7DF5-485B-B551-36268EFBDEA3}.Release|Any CPU.Build.0 = Release|Any CPU
		{66D2C65F-4C79-49BA-B348-FAFF86C9DC8B}.Debug|Any CPU.ActiveCfg = Debug|Any CPU
		{66D2C65F-4C79-49BA-B348-FAFF86C9DC8B}.Debug|Any CPU.Build.0 = Debug|Any CPU
		{66D2C65F-4C79-49BA-B348-FAFF86C9DC8B}.Release|Any CPU.ActiveCfg = Release|Any CPU
		{66D2C65F-4C79-49BA-B348-FAFF86C9DC8B}.Release|Any CPU.Build.0 = Release|Any CPU
	EndGlobalSection
	GlobalSection(SolutionProperties) = preSolution
		HideSolutionNode = FALSE
	EndGlobalSection
	GlobalSection(NestedProjects) = preSolution
		{3A65831E-3BF2-4A37-BFD9-19843C0FDE40} = {02EA681E-C7D8-13C7-8484-4AC65E1B71E8}
		{31E31483-F0E4-4009-9A88-EA039CC31BA3} = {3A65831E-3BF2-4A37-BFD9-19843C0FDE40}
		{C87809A1-AF0C-45ED-95C7-9E156B604E0B} = {31E31483-F0E4-4009-9A88-EA039CC31BA3}
		{FC930A91-F6C2-4316-839E-87FDA5B9A5F6} = {3A65831E-3BF2-4A37-BFD9-19843C0FDE40}
		{A7913734-7409-4BC0-9C70-27BCB896D1AB} = {FC930A91-F6C2-4316-839E-87FDA5B9A5F6}
		{4BC6A174-EE8D-4FFA-B715-7FB13D3A8070} = {02EA681E-C7D8-13C7-8484-4AC65E1B71E8}
		{2B4A8CFE-7DF5-485B-B551-36268EFBDEA3} = {4BC6A174-EE8D-4FFA-B715-7FB13D3A8070}
		{40A5B544-B13B-4328-BF04-E0AE79036711} = {02EA681E-C7D8-13C7-8484-4AC65E1B71E8}
		{66D2C65F-4C79-49BA-B348-FAFF86C9DC8B} = {40A5B544-B13B-4328-BF04-E0AE79036711}
	EndGlobalSection
	GlobalSection(ExtensibilityGlobals) = postSolution
		SolutionGuid = {CF9FCB81-F1AF-4B5B-A83C-2FFEA46A5ACB}
	EndGlobalSection
EndGlobal
